
Microsoft Visual Studio Solution File, Format Version 12.00
# Visual Studio Version 17
VisualStudioVersion = 17.1.32421.90
MinimumVisualStudioVersion = 10.0.40219.1
Project("{FAE04EC0-301F-11D3-BF4B-00C04F79EFBC}") = "solid_7_shum", "solid_7_shum\solid_7_shum.csproj", "{4943506B-8A4D-4C43-ABA6-326BAE71755D}"
EndProject
Global
	GlobalSection(SolutionConfigurationPlatforms) = preSolution
		Debug|Any CPU = Debug|Any CPU
		Release|Any CPU = Release|Any CPU
	EndGlobalSection
	GlobalSection(ProjectConfigurationPlatforms) = postSolution
		{4943506B-8A4D-4C43-ABA6-326BAE71755D}.Debug|Any CPU.ActiveCfg = Debug|Any CPU
		{4943506B-8A4D-4C43-ABA6-326BAE71755D}.Debug|Any CPU.Build.0 = Debug|Any CPU
		{4943506B-8A4D-4C43-ABA6-326BAE71755D}.Release|Any CPU.ActiveCfg = Release|Any CPU
		{4943506B-8A4D-4C43-ABA6-326BAE71755D}.Release|Any CPU.Build.0 = Release|Any CPU
	EndGlobalSection
	GlobalSection(SolutionProperties) = preSolution
		HideSolutionNode = FALSE
	EndGlobalSection
	GlobalSection(ExtensibilityGlobals) = postSolution
		SolutionGuid = {6B5EA70E-853C-4440-800A-F123C9C0E502}
	EndGlobalSection
EndGlobal
